
Microsoft Visual Studio Solution File, Format Version 12.00
# Visual Studio Version 17
VisualStudioVersion = 17.8.34511.84
MinimumVisualStudioVersion = 10.0.40219.1
Project("{FAE04EC0-301F-11D3-BF4B-00C04F79EFBC}") = "GestaoDePedidos", "GestaoDePedidos\GestaoDePedidos.csproj", "{A1781C15-41DD-4E97-B41B-4A338F9D536C}"
EndProject
Global
	GlobalSection(SolutionConfigurationPlatforms) = preSolution
		Debug|Any CPU = Debug|Any CPU
		Release|Any CPU = Release|Any CPU
	EndGlobalSection
	GlobalSection(ProjectConfigurationPlatforms) = postSolution
		{A1781C15-41DD-4E97-B41B-4A338F9D536C}.Debug|Any CPU.ActiveCfg = Debug|Any CPU
		{A1781C15-41DD-4E97-B41B-4A338F9D536C}.Debug|Any CPU.Build.0 = Debug|Any CPU
		{A1781C15-41DD-4E97-B41B-4A338F9D536C}.Release|Any CPU.ActiveCfg = Release|Any CPU
		{A1781C15-41DD-4E97-B41B-4A338F9D536C}.Release|Any CPU.Build.0 = Release|Any CPU
	EndGlobalSection
	GlobalSection(SolutionProperties) = preSolution
		HideSolutionNode = FALSE
	EndGlobalSection
	GlobalSection(ExtensibilityGlobals) = postSolution
		SolutionGuid = {C1A4E049-5748-4307-BDE9-909972ACAFE9}
	EndGlobalSection
EndGlobal
